// !$*UTF8*$!
{
	archiveVersion = 1;
	classes = {
	};
	objectVersion = 50;
	objects = {

/* Begin PBXBuildFile section */
		6F1CC24628100EBE0065A4BB /* Localizable.strings in Resources */ = {isa = PBXBuildFile; fileRef = 6F1CC24828100EBE0065A4BB /* Localizable.strings */; };
		6F1CC24E281013D00065A4BB /* Localizable.strings in Resources */ = {isa = PBXBuildFile; fileRef = 6F1CC24D281013D00065A4BB /* Localizable.strings */; };
		6F1CC2512810159A0065A4BB /* MainViewController.xib in Resources */ = {isa = PBXBuildFile; fileRef = 6F1CC2502810159A0065A4BB /* MainViewController.xib */; };
		6F68EFD4280CF9030012B5B1 /* AppDelegate.swift in Sources */ = {isa = PBXBuildFile; fileRef = 6F68EFD3280CF9030012B5B1 /* AppDelegate.swift */; };
		6F68EFD6280CF9030012B5B1 /* SceneDelegate.swift in Sources */ = {isa = PBXBuildFile; fileRef = 6F68EFD5280CF9030012B5B1 /* SceneDelegate.swift */; };
		6F68EFDE280CF9030012B5B1 /* TaiwanEpidemicStatus.xcdatamodeld in Sources */ = {isa = PBXBuildFile; fileRef = 6F68EFDC280CF9030012B5B1 /* TaiwanEpidemicStatus.xcdatamodeld */; };
		6F68EFE0280CF9040012B5B1 /* Assets.xcassets in Resources */ = {isa = PBXBuildFile; fileRef = 6F68EFDF280CF9040012B5B1 /* Assets.xcassets */; };
		6F68EFE3280CF9040012B5B1 /* LaunchScreen.storyboard in Resources */ = {isa = PBXBuildFile; fileRef = 6F68EFE1280CF9040012B5B1 /* LaunchScreen.storyboard */; };
		6F68EFEE280CF9810012B5B1 /* MainViewController.swift in Sources */ = {isa = PBXBuildFile; fileRef = 6F68EFEC280CF9810012B5B1 /* MainViewController.swift */; };
		6FD357D8280D39940010D5DE /* ViewExtension.swift in Sources */ = {isa = PBXBuildFile; fileRef = 6FD357D7280D39940010D5DE /* ViewExtension.swift */; };
		6FD357DD280D56180010D5DE /* NewsItemLargeTableViewCell.swift in Sources */ = {isa = PBXBuildFile; fileRef = 6FD357DB280D56180010D5DE /* NewsItemLargeTableViewCell.swift */; };
		6FD357DE280D56180010D5DE /* NewsItemLargeTableViewCell.xib in Resources */ = {isa = PBXBuildFile; fileRef = 6FD357DC280D56180010D5DE /* NewsItemLargeTableViewCell.xib */; };
		6FD357E1280D56D40010D5DE /* ExpandTableView.swift in Sources */ = {isa = PBXBuildFile; fileRef = 6FD357E0280D56D40010D5DE /* ExpandTableView.swift */; };
		6FD357E6280D82C00010D5DE /* BottomNavigationView.swift in Sources */ = {isa = PBXBuildFile; fileRef = 6FD357E5280D82C00010D5DE /* BottomNavigationView.swift */; };
/* End PBXBuildFile section */

/* Begin PBXFileReference section */
		6F1CC24328100E6D0065A4BB /* zh-Hans */ = {isa = PBXFileReference; lastKnownFileType = text.plist.strings; name = "zh-Hans"; path = "zh-Hans.lproj/LaunchScreen.strings"; sourceTree = "<group>"; };
		6F1CC24928100EC10065A4BB /* zh-Hans */ = {isa = PBXFileReference; lastKnownFileType = text.plist.strings; name = "zh-Hans"; path = "zh-Hans.lproj/Localizable.strings"; sourceTree = "<group>"; };
		6F1CC24D281013D00065A4BB /* Localizable.strings */ = {isa = PBXFileReference; lastKnownFileType = text.plist.strings; path = Localizable.strings; sourceTree = "<group>"; };
		6F1CC2502810159A0065A4BB /* MainViewController.xib */ = {isa = PBXFileReference; fileEncoding = 4; lastKnownFileType = file.xib; path = MainViewController.xib; sourceTree = "<group>"; };
		6F68EFD0280CF9030012B5B1 /* TaiwanEpidemicStatus.app */ = {isa = PBXFileReference; explicitFileType = wrapper.application; includeInIndex = 0; path = TaiwanEpidemicStatus.app; sourceTree = BUILT_PRODUCTS_DIR; };
		6F68EFD3280CF9030012B5B1 /* AppDelegate.swift */ = {isa = PBXFileReference; lastKnownFileType = sourcecode.swift; path = AppDelegate.swift; sourceTree = "<group>"; };
		6F68EFD5280CF9030012B5B1 /* SceneDelegate.swift */ = {isa = PBXFileReference; lastKnownFileType = sourcecode.swift; path = SceneDelegate.swift; sourceTree = "<group>"; };
		6F68EFDD280CF9030012B5B1 /* TaiwanEpidemicStatus.xcdatamodel */ = {isa = PBXFileReference; lastKnownFileType = wrapper.xcdatamodel; path = TaiwanEpidemicStatus.xcdatamodel; sourceTree = "<group>"; };
		6F68EFDF280CF9040012B5B1 /* Assets.xcassets */ = {isa = PBXFileReference; lastKnownFileType = folder.assetcatalog; path = Assets.xcassets; sourceTree = "<group>"; };
		6F68EFE2280CF9040012B5B1 /* Base */ = {isa = PBXFileReference; lastKnownFileType = file.storyboard; name = Base; path = Base.lproj/LaunchScreen.storyboard; sourceTree = "<group>"; };
		6F68EFE4280CF9040012B5B1 /* Info.plist */ = {isa = PBXFileReference; lastKnownFileType = text.plist.xml; path = Info.plist; sourceTree = "<group>"; };
		6F68EFEC280CF9810012B5B1 /* MainViewController.swift */ = {isa = PBXFileReference; lastKnownFileType = sourcecode.swift; path = MainViewController.swift; sourceTree = "<group>"; };
		6FD357D7280D39940010D5DE /* ViewExtension.swift */ = {isa = PBXFileReference; lastKnownFileType = sourcecode.swift; path = ViewExtension.swift; sourceTree = "<group>"; };
		6FD357DB280D56180010D5DE /* NewsItemLargeTableViewCell.swift */ = {isa = PBXFileReference; lastKnownFileType = sourcecode.swift; path = NewsItemLargeTableViewCell.swift; sourceTree = "<group>"; };
		6FD357DC280D56180010D5DE /* NewsItemLargeTableViewCell.xib */ = {isa = PBXFileReference; lastKnownFileType = file.xib; path = NewsItemLargeTableViewCell.xib; sourceTree = "<group>"; };
		6FD357E0280D56D40010D5DE /* ExpandTableView.swift */ = {isa = PBXFileReference; lastKnownFileType = sourcecode.swift; path = ExpandTableView.swift; sourceTree = "<group>"; };
		6FD357E5280D82C00010D5DE /* BottomNavigationView.swift */ = {isa = PBXFileReference; lastKnownFileType = sourcecode.swift; path = BottomNavigationView.swift; sourceTree = "<group>"; };
/* End PBXFileReference section */

/* Begin PBXFrameworksBuildPhase section */
		6F68EFCD280CF9030012B5B1 /* Frameworks */ = {
			isa = PBXFrameworksBuildPhase;
			buildActionMask = 2147483647;
			files = (
			);
			runOnlyForDeploymentPostprocessing = 0;
		};
/* End PBXFrameworksBuildPhase section */

/* Begin PBXGroup section */
		6F68EFC7280CF9030012B5B1 = {
			isa = PBXGroup;
			children = (
				6F68EFD2280CF9030012B5B1 /* TaiwanEpidemicStatus */,
				6F68EFD1280CF9030012B5B1 /* Products */,
			);
			sourceTree = "<group>";
		};
		6F68EFD1280CF9030012B5B1 /* Products */ = {
			isa = PBXGroup;
			children = (
				6F68EFD0280CF9030012B5B1 /* TaiwanEpidemicStatus.app */,
			);
			name = Products;
			sourceTree = "<group>";
		};
		6F68EFD2280CF9030012B5B1 /* TaiwanEpidemicStatus */ = {
			isa = PBXGroup;
			children = (
				6F68EFD3280CF9030012B5B1 /* AppDelegate.swift */,
				6F68EFD5280CF9030012B5B1 /* SceneDelegate.swift */,
				6F68EFDF280CF9040012B5B1 /* Assets.xcassets */,
				6F68EFE1280CF9040012B5B1 /* LaunchScreen.storyboard */,
				6F68EFE4280CF9040012B5B1 /* Info.plist */,
				6F68EFDC280CF9030012B5B1 /* TaiwanEpidemicStatus.xcdatamodeld */,
				6FD357DF280D56A80010D5DE /* Component */,
				6FD357D9280D55D30010D5DE /* Adapter */,
				6F68EFEB280CF9720012B5B1 /* Controller */,
				6F68EFEA280CF95F0012B5B1 /* View */,
				6FD357D7280D39940010D5DE /* ViewExtension.swift */,
				6F1CC24828100EBE0065A4BB /* Localizable.strings */,
				6F1CC24D281013D00065A4BB /* Localizable.strings */,
			);
			path = TaiwanEpidemicStatus;
			sourceTree = "<group>";
		};
		6F68EFEA280CF95F0012B5B1 /* View */ = {
			isa = PBXGroup;
			children = (
				6F1CC2502810159A0065A4BB /* MainViewController.xib */,
			);
			path = View;
			sourceTree = "<group>";
		};
		6F68EFEB280CF9720012B5B1 /* Controller */ = {
			isa = PBXGroup;
			children = (
				6F68EFEC280CF9810012B5B1 /* MainViewController.swift */,
			);
			path = Controller;
			sourceTree = "<group>";
		};
		6FD357D9280D55D30010D5DE /* Adapter */ = {
			isa = PBXGroup;
			children = (
				6FD357DA280D55DD0010D5DE /* NewsItemLarge */,
			);
			path = Adapter;
			sourceTree = "<group>";
		};
		6FD357DA280D55DD0010D5DE /* NewsItemLarge */ = {
			isa = PBXGroup;
			children = (
				6FD357DB280D56180010D5DE /* NewsItemLargeTableViewCell.swift */,
				6FD357DC280D56180010D5DE /* NewsItemLargeTableViewCell.xib */,
			);
			path = NewsItemLarge;
			sourceTree = "<group>";
		};
		6FD357DF280D56A80010D5DE /* Component */ = {
			isa = PBXGroup;
			children = (
				6FD357E4280D82A30010D5DE /* Bottom Navigation Bar */,
				6FD357E0280D56D40010D5DE /* ExpandTableView.swift */,
			);
			path = Component;
			sourceTree = "<group>";
		};
		6FD357E4280D82A30010D5DE /* Bottom Navigation Bar */ = {
			isa = PBXGroup;
			children = (
				6FD357E5280D82C00010D5DE /* BottomNavigationView.swift */,
			);
			path = "Bottom Navigation Bar";
			sourceTree = "<group>";
		};
/* End PBXGroup section */

/* Begin PBXNativeTarget section */
		6F68EFCF280CF9030012B5B1 /* TaiwanEpidemicStatus */ = {
			isa = PBXNativeTarget;
			buildConfigurationList = 6F68EFE7280CF9040012B5B1 /* Build configuration list for PBXNativeTarget "TaiwanEpidemicStatus" */;
			buildPhases = (
				6F68EFCC280CF9030012B5B1 /* Sources */,
				6F68EFCD280CF9030012B5B1 /* Frameworks */,
				6F68EFCE280CF9030012B5B1 /* Resources */,
			);
			buildRules = (
			);
			dependencies = (
			);
			name = TaiwanEpidemicStatus;
			productName = TaiwanEpidemicStatus;
			productReference = 6F68EFD0280CF9030012B5B1 /* TaiwanEpidemicStatus.app */;
			productType = "com.apple.product-type.application";
		};
/* End PBXNativeTarget section */

/* Begin PBXProject section */
		6F68EFC8280CF9030012B5B1 /* Project object */ = {
			isa = PBXProject;
			attributes = {
				LastSwiftUpdateCheck = 1250;
				LastUpgradeCheck = 1250;
				TargetAttributes = {
					6F68EFCF280CF9030012B5B1 = {
						CreatedOnToolsVersion = 12.5.1;
					};
				};
			};
			buildConfigurationList = 6F68EFCB280CF9030012B5B1 /* Build configuration list for PBXProject "TaiwanEpidemicStatus" */;
			compatibilityVersion = "Xcode 9.3";
			developmentRegion = en;
			hasScannedForEncodings = 0;
			knownRegions = (
				en,
				Base,
				"zh-Hans",
			);
			mainGroup = 6F68EFC7280CF9030012B5B1;
			productRefGroup = 6F68EFD1280CF9030012B5B1 /* Products */;
			projectDirPath = "";
			projectRoot = "";
			targets = (
				6F68EFCF280CF9030012B5B1 /* TaiwanEpidemicStatus */,
			);
		};
/* End PBXProject section */

/* Begin PBXResourcesBuildPhase section */
		6F68EFCE280CF9030012B5B1 /* Resources */ = {
			isa = PBXResourcesBuildPhase;
			buildActionMask = 2147483647;
			files = (
				6F1CC24628100EBE0065A4BB /* Localizable.strings in Resources */,
				6F1CC2512810159A0065A4BB /* MainViewController.xib in Resources */,
				6F1CC24E281013D00065A4BB /* Localizable.strings in Resources */,
				6F68EFE3280CF9040012B5B1 /* LaunchScreen.storyboard in Resources */,
				6FD357DE280D56180010D5DE /* NewsItemLargeTableViewCell.xib in Resources */,
				6F68EFE0280CF9040012B5B1 /* Assets.xcassets in Resources */,
			);
			runOnlyForDeploymentPostprocessing = 0;
		};
/* End PBXResourcesBuildPhase section */

/* Begin PBXSourcesBuildPhase section */
		6F68EFCC280CF9030012B5B1 /* Sources */ = {
			isa = PBXSourcesBuildPhase;
			buildActionMask = 2147483647;
			files = (
				6F68EFD4280CF9030012B5B1 /* AppDelegate.swift in Sources */,
				6F68EFD6280CF9030012B5B1 /* SceneDelegate.swift in Sources */,
				6F68EFDE280CF9030012B5B1 /* TaiwanEpidemicStatus.xcdatamodeld in Sources */,
				6F68EFEE280CF9810012B5B1 /* MainViewController.swift in Sources */,
				6FD357E1280D56D40010D5DE /* ExpandTableView.swift in Sources */,
				6FD357E6280D82C00010D5DE /* BottomNavigationView.swift in Sources */,
				6FD357DD280D56180010D5DE /* NewsItemLargeTableViewCell.swift in Sources */,
				6FD357D8280D39940010D5DE /* ViewExtension.swift in Sources */,
			);
			runOnlyForDeploymentPostprocessing = 0;
		};
/* End PBXSourcesBuildPhase section */

/* Begin PBXVariantGroup section */
		6F1CC24828100EBE0065A4BB /* Localizable.strings */ = {
			isa = PBXVariantGroup;
			children = (
				6F1CC24928100EC10065A4BB /* zh-Hans */,
			);
			name = Localizable.strings;
			sourceTree = "<group>";
		};
		6F68EFE1280CF9040012B5B1 /* LaunchScreen.storyboard */ = {
			isa = PBXVariantGroup;
			children = (
				6F68EFE2280CF9040012B5B1 /* Base */,
				6F1CC24328100E6D0065A4BB /* zh-Hans */,
			);
			name = LaunchScreen.storyboard;
			sourceTree = "<group>";
		};
/* End PBXVariantGroup section */

/* Begin XCBuildConfiguration section */
		6F68EFE5280CF9040012B5B1 /* Debug */ = {
			isa = XCBuildConfiguration;
			buildSettings = {
				ALWAYS_SEARCH_USER_PATHS = NO;
				CLANG_ANALYZER_LOCALIZABILITY_NONLOCALIZED = YES;
				CLANG_ANALYZER_NONNULL = YES;
				CLANG_ANALYZER_NUMBER_OBJECT_CONVERSION = YES_AGGRESSIVE;
				CLANG_CXX_LANGUAGE_STANDARD = "gnu++14";
				CLANG_CXX_LIBRARY = "libc++";
				CLANG_ENABLE_MODULES = YES;
				CLANG_ENABLE_OBJC_ARC = YES;
				CLANG_ENABLE_OBJC_WEAK = YES;
				CLANG_WARN_BLOCK_CAPTURE_AUTORELEASING = YES;
				CLANG_WARN_BOOL_CONVERSION = YES;
				CLANG_WARN_COMMA = YES;
				CLANG_WARN_CONSTANT_CONVERSION = YES;
				CLANG_WARN_DEPRECATED_OBJC_IMPLEMENTATIONS = YES;
				CLANG_WARN_DIRECT_OBJC_ISA_USAGE = YES_ERROR;
				CLANG_WARN_DOCUMENTATION_COMMENTS = YES;
				CLANG_WARN_EMPTY_BODY = YES;
				CLANG_WARN_ENUM_CONVERSION = YES;
				CLANG_WARN_INFINITE_RECURSION = YES;
				CLANG_WARN_INT_CONVERSION = YES;
				CLANG_WARN_NON_LITERAL_NULL_CONVERSION = YES;
				CLANG_WARN_OBJC_IMPLICIT_RETAIN_SELF = YES;
				CLANG_WARN_OBJC_LITERAL_CONVERSION = YES;
				CLANG_WARN_OBJC_ROOT_CLASS = YES_ERROR;
				CLANG_WARN_QUOTED_INCLUDE_IN_FRAMEWORK_HEADER = YES;
				CLANG_WARN_RANGE_LOOP_ANALYSIS = YES;
				CLANG_WARN_STRICT_PROTOTYPES = YES;
				CLANG_WARN_SUSPICIOUS_MOVE = YES;
				CLANG_WARN_UNGUARDED_AVAILABILITY = YES_AGGRESSIVE;
				CLANG_WARN_UNREACHABLE_CODE = YES;
				CLANG_WARN__DUPLICATE_METHOD_MATCH = YES;
				COPY_PHASE_STRIP = NO;
				DEBUG_INFORMATION_FORMAT = dwarf;
				ENABLE_STRICT_OBJC_MSGSEND = YES;
				ENABLE_TESTABILITY = YES;
				GCC_C_LANGUAGE_STANDARD = gnu11;
				GCC_DYNAMIC_NO_PIC = NO;
				GCC_NO_COMMON_BLOCKS = YES;
				GCC_OPTIMIZATION_LEVEL = 0;
				GCC_PREPROCESSOR_DEFINITIONS = (
					"DEBUG=1",
					"$(inherited)",
				);
				GCC_WARN_64_TO_32_BIT_CONVERSION = YES;
				GCC_WARN_ABOUT_RETURN_TYPE = YES_ERROR;
				GCC_WARN_UNDECLARED_SELECTOR = YES;
				GCC_WARN_UNINITIALIZED_AUTOS = YES_AGGRESSIVE;
				GCC_WARN_UNUSED_FUNCTION = YES;
				GCC_WARN_UNUSED_VARIABLE = YES;
				IPHONEOS_DEPLOYMENT_TARGET = 14.5;
				MTL_ENABLE_DEBUG_INFO = INCLUDE_SOURCE;
				MTL_FAST_MATH = YES;
				ONLY_ACTIVE_ARCH = YES;
				SDKROOT = iphoneos;
				SWIFT_ACTIVE_COMPILATION_CONDITIONS = DEBUG;
				SWIFT_OPTIMIZATION_LEVEL = "-Onone";
			};
			name = Debug;
		};
		6F68EFE6280CF9040012B5B1 /* Release */ = {
			isa = XCBuildConfiguration;
			buildSettings = {
				ALWAYS_SEARCH_USER_PATHS = NO;
				CLANG_ANALYZER_LOCALIZABILITY_NONLOCALIZED = YES;
				CLANG_ANALYZER_NONNULL = YES;
				CLANG_ANALYZER_NUMBER_OBJECT_CONVERSION = YES_AGGRESSIVE;
				CLANG_CXX_LANGUAGE_STANDARD = "gnu++14";
				CLANG_CXX_LIBRARY = "libc++";
				CLANG_ENABLE_MODULES = YES;
				CLANG_ENABLE_OBJC_ARC = YES;
				CLANG_ENABLE_OBJC_WEAK = YES;
				CLANG_WARN_BLOCK_CAPTURE_AUTORELEASING = YES;
				CLANG_WARN_BOOL_CONVERSION = YES;
				CLANG_WARN_COMMA = YES;
				CLANG_WARN_CONSTANT_CONVERSION = YES;
				CLANG_WARN_DEPRECATED_OBJC_IMPLEMENTATIONS = YES;
				CLANG_WARN_DIRECT_OBJC_ISA_USAGE = YES_ERROR;
				CLANG_WARN_DOCUMENTATION_COMMENTS = YES;
				CLANG_WARN_EMPTY_BODY = YES;
				CLANG_WARN_ENUM_CONVERSION = YES;
				CLANG_WARN_INFINITE_RECURSION = YES;
				CLANG_WARN_INT_CONVERSION = YES;
				CLANG_WARN_NON_LITERAL_NULL_CONVERSION = YES;
				CLANG_WARN_OBJC_IMPLICIT_RETAIN_SELF = YES;
				CLANG_WARN_OBJC_LITERAL_CONVERSION = YES;
				CLANG_WARN_OBJC_ROOT_CLASS = YES_ERROR;
				CLANG_WARN_QUOTED_INCLUDE_IN_FRAMEWORK_HEADER = YES;
				CLANG_WARN_RANGE_LOOP_ANALYSIS = YES;
				CLANG_WARN_STRICT_PROTOTYPES = YES;
				CLANG_WARN_SUSPICIOUS_MOVE = YES;
				CLANG_WARN_UNGUARDED_AVAILABILITY = YES_AGGRESSIVE;
				CLANG_WARN_UNREACHABLE_CODE = YES;
				CLANG_WARN__DUPLICATE_METHOD_MATCH = YES;
				COPY_PHASE_STRIP = NO;
				DEBUG_INFORMATION_FORMAT = "dwarf-with-dsym";
				ENABLE_NS_ASSERTIONS = NO;
				ENABLE_STRICT_OBJC_MSGSEND = YES;
				GCC_C_LANGUAGE_STANDARD = gnu11;
				GCC_NO_COMMON_BLOCKS = YES;
				GCC_WARN_64_TO_32_BIT_CONVERSION = YES;
				GCC_WARN_ABOUT_RETURN_TYPE = YES_ERROR;
				GCC_WARN_UNDECLARED_SELECTOR = YES;
				GCC_WARN_UNINITIALIZED_AUTOS = YES_AGGRESSIVE;
				GCC_WARN_UNUSED_FUNCTION = YES;
				GCC_WARN_UNUSED_VARIABLE = YES;
				IPHONEOS_DEPLOYMENT_TARGET = 14.5;
				MTL_ENABLE_DEBUG_INFO = NO;
				MTL_FAST_MATH = YES;
				SDKROOT = iphoneos;
				SWIFT_COMPILATION_MODE = wholemodule;
				SWIFT_OPTIMIZATION_LEVEL = "-O";
				VALIDATE_PRODUCT = YES;
			};
			name = Release;
		};
		6F68EFE8280CF9040012B5B1 /* Debug */ = {
			isa = XCBuildConfiguration;
			buildSettings = {
				ASSETCATALOG_COMPILER_APPICON_NAME = AppIcon;
				ASSETCATALOG_COMPILER_GLOBAL_ACCENT_COLOR_NAME = AccentColor;
				CODE_SIGN_STYLE = Automatic;
				DEVELOPMENT_TEAM = 72QP2FGS73;
				INFOPLIST_FILE = TaiwanEpidemicStatus/Info.plist;
				LD_RUNPATH_SEARCH_PATHS = (
					"$(inherited)",
					"@executable_path/Frameworks",
				);
				PRODUCT_BUNDLE_IDENTIFIER = com.seielika.TaiwanEpidemicStatus;
				PRODUCT_NAME = "$(TARGET_NAME)";
				SWIFT_VERSION = 5.0;
				TARGETED_DEVICE_FAMILY = 1;
			};
			name = Debug;
		};
		6F68EFE9280CF9040012B5B1 /* Release */ = {
			isa = XCBuildConfiguration;
			buildSettings = {
				ASSETCATALOG_COMPILER_APPICON_NAME = AppIcon;
				ASSETCATALOG_COMPILER_GLOBAL_ACCENT_COLOR_NAME = AccentColor;
				CODE_SIGN_STYLE = Automatic;
				DEVELOPMENT_TEAM = 72QP2FGS73;
				INFOPLIST_FILE = TaiwanEpidemicStatus/Info.plist;
				LD_RUNPATH_SEARCH_PATHS = (
					"$(inherited)",
					"@executable_path/Frameworks",
				);
				PRODUCT_BUNDLE_IDENTIFIER = com.seielika.TaiwanEpidemicStatus;
				PRODUCT_NAME = "$(TARGET_NAME)";
				SWIFT_VERSION = 5.0;
				TARGETED_DEVICE_FAMILY = 1;
			};
			name = Release;
		};
/* End XCBuildConfiguration section */

/* Begin XCConfigurationList section */
		6F68EFCB280CF9030012B5B1 /* Build configuration list for PBXProject "TaiwanEpidemicStatus" */ = {
			isa = XCConfigurationList;
			buildConfigurations = (
				6F68EFE5280CF9040012B5B1 /* Debug */,
				6F68EFE6280CF9040012B5B1 /* Release */,
			);
			defaultConfigurationIsVisible = 0;
			defaultConfigurationName = Release;
		};
		6F68EFE7280CF9040012B5B1 /* Build configuration list for PBXNativeTarget "TaiwanEpidemicStatus" */ = {
			isa = XCConfigurationList;
			buildConfigurations = (
				6F68EFE8280CF9040012B5B1 /* Debug */,
				6F68EFE9280CF9040012B5B1 /* Release */,
			);
			defaultConfigurationIsVisible = 0;
			defaultConfigurationName = Release;
		};
/* End XCConfigurationList section */

/* Begin XCVersionGroup section */
		6F68EFDC280CF9030012B5B1 /* TaiwanEpidemicStatus.xcdatamodeld */ = {
			isa = XCVersionGroup;
			children = (
				6F68EFDD280CF9030012B5B1 /* TaiwanEpidemicStatus.xcdatamodel */,
			);
			currentVersion = 6F68EFDD280CF9030012B5B1 /* TaiwanEpidemicStatus.xcdatamodel */;
			path = TaiwanEpidemicStatus.xcdatamodeld;
			sourceTree = "<group>";
			versionGroupType = wrapper.xcdatamodel;
		};
/* End XCVersionGroup section */
	};
	rootObject = 6F68EFC8280CF9030012B5B1 /* Project object */;
}
